// !$*UTF8*$!
{
	archiveVersion = 1;
	classes = {
	};
	objectVersion = 56;
	objects = {

/* Begin PBXBuildFile section */
		8979CD9E2B7F0050005A7E30 /* AppDelegate.swift in Sources */ = {isa = PBXBuildFile; fileRef = 8979CD9D2B7F0050005A7E30 /* AppDelegate.swift */; };
		8979CDA02B7F0050005A7E30 /* art.scnassets in Resources */ = {isa = PBXBuildFile; fileRef = 8979CD9F2B7F0050005A7E30 /* art.scnassets */; };
		8979CDA22B7F0050005A7E30 /* GameViewController.swift in Sources */ = {isa = PBXBuildFile; fileRef = 8979CDA12B7F0050005A7E30 /* GameViewController.swift */; };
		8979CDA52B7F0050005A7E30 /* Main.storyboard in Resources */ = {isa = PBXBuildFile; fileRef = 8979CDA32B7F0050005A7E30 /* Main.storyboard */; };
		8979CDA72B7F0055005A7E30 /* Assets.xcassets in Resources */ = {isa = PBXBuildFile; fileRef = 8979CDA62B7F0055005A7E30 /* Assets.xcassets */; };
		8979CDAA2B7F0055005A7E30 /* LaunchScreen.storyboard in Resources */ = {isa = PBXBuildFile; fileRef = 8979CDA82B7F0055005A7E30 /* LaunchScreen.storyboard */; };
		8979CDB42B7F0055005A7E30 /* starter_gameTests.swift in Sources */ = {isa = PBXBuildFile; fileRef = 8979CDB32B7F0055005A7E30 /* starter_gameTests.swift */; };
		8979CDBE2B7F0055005A7E30 /* starter_gameUITests.swift in Sources */ = {isa = PBXBuildFile; fileRef = 8979CDBD2B7F0055005A7E30 /* starter_gameUITests.swift */; };
		8979CDC02B7F0055005A7E30 /* starter_gameUITestsLaunchTests.swift in Sources */ = {isa = PBXBuildFile; fileRef = 8979CDBF2B7F0055005A7E30 /* starter_gameUITestsLaunchTests.swift */; };
		8979CDD12B7F0078005A7E30 /* maze.cpp in Sources */ = {isa = PBXBuildFile; fileRef = 8979CDCD2B7F0078005A7E30 /* maze.cpp */; };
		8979CDD22B7F0078005A7E30 /* DisjointSet.cpp in Sources */ = {isa = PBXBuildFile; fileRef = 8979CDCF2B7F0078005A7E30 /* DisjointSet.cpp */; };
/* End PBXBuildFile section */

/* Begin PBXContainerItemProxy section */
		8979CDB02B7F0055005A7E30 /* PBXContainerItemProxy */ = {
			isa = PBXContainerItemProxy;
			containerPortal = 8979CD922B7F0050005A7E30 /* Project object */;
			proxyType = 1;
			remoteGlobalIDString = 8979CD992B7F0050005A7E30;
			remoteInfo = "starter-game";
		};
		8979CDBA2B7F0055005A7E30 /* PBXContainerItemProxy */ = {
			isa = PBXContainerItemProxy;
			containerPortal = 8979CD922B7F0050005A7E30 /* Project object */;
			proxyType = 1;
			remoteGlobalIDString = 8979CD992B7F0050005A7E30;
			remoteInfo = "starter-game";
		};
/* End PBXContainerItemProxy section */

/* Begin PBXFileReference section */
		8979CD9A2B7F0050005A7E30 /* starter-game.app */ = {isa = PBXFileReference; explicitFileType = wrapper.application; includeInIndex = 0; path = "starter-game.app"; sourceTree = BUILT_PRODUCTS_DIR; };
		8979CD9D2B7F0050005A7E30 /* AppDelegate.swift */ = {isa = PBXFileReference; lastKnownFileType = sourcecode.swift; path = AppDelegate.swift; sourceTree = "<group>"; };
		8979CD9F2B7F0050005A7E30 /* art.scnassets */ = {isa = PBXFileReference; lastKnownFileType = wrapper.scnassets; path = art.scnassets; sourceTree = "<group>"; };
		8979CDA12B7F0050005A7E30 /* GameViewController.swift */ = {isa = PBXFileReference; lastKnownFileType = sourcecode.swift; path = GameViewController.swift; sourceTree = "<group>"; };
		8979CDA42B7F0050005A7E30 /* Base */ = {isa = PBXFileReference; lastKnownFileType = file.storyboard; name = Base; path = Base.lproj/Main.storyboard; sourceTree = "<group>"; };
		8979CDA62B7F0055005A7E30 /* Assets.xcassets */ = {isa = PBXFileReference; lastKnownFileType = folder.assetcatalog; path = Assets.xcassets; sourceTree = "<group>"; };
		8979CDA92B7F0055005A7E30 /* Base */ = {isa = PBXFileReference; lastKnownFileType = file.storyboard; name = Base; path = Base.lproj/LaunchScreen.storyboard; sourceTree = "<group>"; };
		8979CDAF2B7F0055005A7E30 /* starter-gameTests.xctest */ = {isa = PBXFileReference; explicitFileType = wrapper.cfbundle; includeInIndex = 0; path = "starter-gameTests.xctest"; sourceTree = BUILT_PRODUCTS_DIR; };
		8979CDB32B7F0055005A7E30 /* starter_gameTests.swift */ = {isa = PBXFileReference; lastKnownFileType = sourcecode.swift; path = starter_gameTests.swift; sourceTree = "<group>"; };
		8979CDB92B7F0055005A7E30 /* starter-gameUITests.xctest */ = {isa = PBXFileReference; explicitFileType = wrapper.cfbundle; includeInIndex = 0; path = "starter-gameUITests.xctest"; sourceTree = BUILT_PRODUCTS_DIR; };
		8979CDBD2B7F0055005A7E30 /* starter_gameUITests.swift */ = {isa = PBXFileReference; lastKnownFileType = sourcecode.swift; path = starter_gameUITests.swift; sourceTree = "<group>"; };
		8979CDBF2B7F0055005A7E30 /* starter_gameUITestsLaunchTests.swift */ = {isa = PBXFileReference; lastKnownFileType = sourcecode.swift; path = starter_gameUITestsLaunchTests.swift; sourceTree = "<group>"; };
		8979CDCD2B7F0078005A7E30 /* maze.cpp */ = {isa = PBXFileReference; fileEncoding = 4; lastKnownFileType = sourcecode.cpp.cpp; path = maze.cpp; sourceTree = "<group>"; };
		8979CDCE2B7F0078005A7E30 /* maze.h */ = {isa = PBXFileReference; fileEncoding = 4; lastKnownFileType = sourcecode.c.h; path = maze.h; sourceTree = "<group>"; };
		8979CDCF2B7F0078005A7E30 /* DisjointSet.cpp */ = {isa = PBXFileReference; fileEncoding = 4; lastKnownFileType = sourcecode.cpp.cpp; path = DisjointSet.cpp; sourceTree = "<group>"; };
		8979CDD02B7F0078005A7E30 /* DisjointSet.h */ = {isa = PBXFileReference; fileEncoding = 4; lastKnownFileType = sourcecode.c.h; path = DisjointSet.h; sourceTree = "<group>"; };
/* End PBXFileReference section */

/* Begin PBXFrameworksBuildPhase section */
		8979CD972B7F0050005A7E30 /* Frameworks */ = {
			isa = PBXFrameworksBuildPhase;
			buildActionMask = 2147483647;
			files = (
			);
			runOnlyForDeploymentPostprocessing = 0;
		};
		8979CDAC2B7F0055005A7E30 /* Frameworks */ = {
			isa = PBXFrameworksBuildPhase;
			buildActionMask = 2147483647;
			files = (
			);
			runOnlyForDeploymentPostprocessing = 0;
		};
		8979CDB62B7F0055005A7E30 /* Frameworks */ = {
			isa = PBXFrameworksBuildPhase;
			buildActionMask = 2147483647;
			files = (
			);
			runOnlyForDeploymentPostprocessing = 0;
		};
/* End PBXFrameworksBuildPhase section */

/* Begin PBXGroup section */
		8979CD912B7F0050005A7E30 = {
			isa = PBXGroup;
			children = (
				8979CD9C2B7F0050005A7E30 /* starter-game */,
				8979CDB22B7F0055005A7E30 /* starter-gameTests */,
				8979CDBC2B7F0055005A7E30 /* starter-gameUITests */,
				8979CDCC2B7F0078005A7E30 /* COMP8051Asst2Start */,
				8979CD9B2B7F0050005A7E30 /* Products */,
			);
			sourceTree = "<group>";
		};
		8979CD9B2B7F0050005A7E30 /* Products */ = {
			isa = PBXGroup;
			children = (
				8979CD9A2B7F0050005A7E30 /* starter-game.app */,
				8979CDAF2B7F0055005A7E30 /* starter-gameTests.xctest */,
				8979CDB92B7F0055005A7E30 /* starter-gameUITests.xctest */,
			);
			name = Products;
			sourceTree = "<group>";
		};
		8979CD9C2B7F0050005A7E30 /* starter-game */ = {
			isa = PBXGroup;
			children = (
				8979CD9D2B7F0050005A7E30 /* AppDelegate.swift */,
				8979CD9F2B7F0050005A7E30 /* art.scnassets */,
				8979CDA12B7F0050005A7E30 /* GameViewController.swift */,
				8979CDA32B7F0050005A7E30 /* Main.storyboard */,
				8979CDA62B7F0055005A7E30 /* Assets.xcassets */,
				8979CDA82B7F0055005A7E30 /* LaunchScreen.storyboard */,
			);
			path = "starter-game";
			sourceTree = "<group>";
		};
		8979CDB22B7F0055005A7E30 /* starter-gameTests */ = {
			isa = PBXGroup;
			children = (
				8979CDB32B7F0055005A7E30 /* starter_gameTests.swift */,
			);
			path = "starter-gameTests";
			sourceTree = "<group>";
		};
		8979CDBC2B7F0055005A7E30 /* starter-gameUITests */ = {
			isa = PBXGroup;
			children = (
				8979CDBD2B7F0055005A7E30 /* starter_gameUITests.swift */,
				8979CDBF2B7F0055005A7E30 /* starter_gameUITestsLaunchTests.swift */,
			);
			path = "starter-gameUITests";
			sourceTree = "<group>";
		};
		8979CDCC2B7F0078005A7E30 /* COMP8051Asst2Start */ = {
			isa = PBXGroup;
			children = (
				8979CDCD2B7F0078005A7E30 /* maze.cpp */,
				8979CDCE2B7F0078005A7E30 /* maze.h */,
				8979CDCF2B7F0078005A7E30 /* DisjointSet.cpp */,
				8979CDD02B7F0078005A7E30 /* DisjointSet.h */,
			);
			path = COMP8051Asst2Start;
			sourceTree = "<group>";
		};
/* End PBXGroup section */

/* Begin PBXNativeTarget section */
		8979CD992B7F0050005A7E30 /* starter-game */ = {
			isa = PBXNativeTarget;
			buildConfigurationList = 8979CDC32B7F0055005A7E30 /* Build configuration list for PBXNativeTarget "starter-game" */;
			buildPhases = (
				8979CD962B7F0050005A7E30 /* Sources */,
				8979CD972B7F0050005A7E30 /* Frameworks */,
				8979CD982B7F0050005A7E30 /* Resources */,
			);
			buildRules = (
			);
			dependencies = (
			);
			name = "starter-game";
			productName = "starter-game";
			productReference = 8979CD9A2B7F0050005A7E30 /* starter-game.app */;
			productType = "com.apple.product-type.application";
		};
		8979CDAE2B7F0055005A7E30 /* starter-gameTests */ = {
			isa = PBXNativeTarget;
			buildConfigurationList = 8979CDC62B7F0055005A7E30 /* Build configuration list for PBXNativeTarget "starter-gameTests" */;
			buildPhases = (
				8979CDAB2B7F0055005A7E30 /* Sources */,
				8979CDAC2B7F0055005A7E30 /* Frameworks */,
				8979CDAD2B7F0055005A7E30 /* Resources */,
			);
			buildRules = (
			);
			dependencies = (
				8979CDB12B7F0055005A7E30 /* PBXTargetDependency */,
			);
			name = "starter-gameTests";
			productName = "starter-gameTests";
			productReference = 8979CDAF2B7F0055005A7E30 /* starter-gameTests.xctest */;
			productType = "com.apple.product-type.bundle.unit-test";
		};
		8979CDB82B7F0055005A7E30 /* starter-gameUITests */ = {
			isa = PBXNativeTarget;
			buildConfigurationList = 8979CDC92B7F0055005A7E30 /* Build configuration list for PBXNativeTarget "starter-gameUITests" */;
			buildPhases = (
				8979CDB52B7F0055005A7E30 /* Sources */,
				8979CDB62B7F0055005A7E30 /* Frameworks */,
				8979CDB72B7F0055005A7E30 /* Resources */,
			);
			buildRules = (
			);
			dependencies = (
				8979CDBB2B7F0055005A7E30 /* PBXTargetDependency */,
			);
			name = "starter-gameUITests";
			productName = "starter-gameUITests";
			productReference = 8979CDB92B7F0055005A7E30 /* starter-gameUITests.xctest */;
			productType = "com.apple.product-type.bundle.ui-testing";
		};
/* End PBXNativeTarget section */

/* Begin PBXProject section */
		8979CD922B7F0050005A7E30 /* Project object */ = {
			isa = PBXProject;
			attributes = {
				BuildIndependentTargetsInParallel = 1;
				LastSwiftUpdateCheck = 1420;
				LastUpgradeCheck = 1420;
				TargetAttributes = {
					8979CD992B7F0050005A7E30 = {
						CreatedOnToolsVersion = 14.2;
					};
					8979CDAE2B7F0055005A7E30 = {
						CreatedOnToolsVersion = 14.2;
						TestTargetID = 8979CD992B7F0050005A7E30;
					};
					8979CDB82B7F0055005A7E30 = {
						CreatedOnToolsVersion = 14.2;
						TestTargetID = 8979CD992B7F0050005A7E30;
					};
				};
			};
			buildConfigurationList = 8979CD952B7F0050005A7E30 /* Build configuration list for PBXProject "starter-game" */;
			compatibilityVersion = "Xcode 14.0";
			developmentRegion = en;
			hasScannedForEncodings = 0;
			knownRegions = (
				en,
				Base,
			);
			mainGroup = 8979CD912B7F0050005A7E30;
			productRefGroup = 8979CD9B2B7F0050005A7E30 /* Products */;
			projectDirPath = "";
			projectRoot = "";
			targets = (
				8979CD992B7F0050005A7E30 /* starter-game */,
				8979CDAE2B7F0055005A7E30 /* starter-gameTests */,
				8979CDB82B7F0055005A7E30 /* starter-gameUITests */,
			);
		};
/* End PBXProject section */

/* Begin PBXResourcesBuildPhase section */
		8979CD982B7F0050005A7E30 /* Resources */ = {
			isa = PBXResourcesBuildPhase;
			buildActionMask = 2147483647;
			files = (
				8979CDA02B7F0050005A7E30 /* art.scnassets in Resources */,
				8979CDAA2B7F0055005A7E30 /* LaunchScreen.storyboard in Resources */,
				8979CDA72B7F0055005A7E30 /* Assets.xcassets in Resources */,
				8979CDA52B7F0050005A7E30 /* Main.storyboard in Resources */,
			);
			runOnlyForDeploymentPostprocessing = 0;
		};
		8979CDAD2B7F0055005A7E30 /* Resources */ = {
			isa = PBXResourcesBuildPhase;
			buildActionMask = 2147483647;
			files = (
			);
			runOnlyForDeploymentPostprocessing = 0;
		};
		8979CDB72B7F0055005A7E30 /* Resources */ = {
			isa = PBXResourcesBuildPhase;
			buildActionMask = 2147483647;
			files = (
			);
			runOnlyForDeploymentPostprocessing = 0;
		};
/* End PBXResourcesBuildPhase section */

/* Begin PBXSourcesBuildPhase section */
		8979CD962B7F0050005A7E30 /* Sources */ = {
			isa = PBXSourcesBuildPhase;
			buildActionMask = 2147483647;
			files = (
				8979CDD22B7F0078005A7E30 /* DisjointSet.cpp in Sources */,
				8979CDA22B7F0050005A7E30 /* GameViewController.swift in Sources */,
				8979CD9E2B7F0050005A7E30 /* AppDelegate.swift in Sources */,
				8979CDD12B7F0078005A7E30 /* maze.cpp in Sources */,
			);
			runOnlyForDeploymentPostprocessing = 0;
		};
		8979CDAB2B7F0055005A7E30 /* Sources */ = {
			isa = PBXSourcesBuildPhase;
			buildActionMask = 2147483647;
			files = (
				8979CDB42B7F0055005A7E30 /* starter_gameTests.swift in Sources */,
			);
			runOnlyForDeploymentPostprocessing = 0;
		};
		8979CDB52B7F0055005A7E30 /* Sources */ = {
			isa = PBXSourcesBuildPhase;
			buildActionMask = 2147483647;
			files = (
				8979CDC02B7F0055005A7E30 /* starter_gameUITestsLaunchTests.swift in Sources */,
				8979CDBE2B7F0055005A7E30 /* starter_gameUITests.swift in Sources */,
			);
			runOnlyForDeploymentPostprocessing = 0;
		};
/* End PBXSourcesBuildPhase section */

/* Begin PBXTargetDependency section */
		8979CDB12B7F0055005A7E30 /* PBXTargetDependency */ = {
			isa = PBXTargetDependency;
			target = 8979CD992B7F0050005A7E30 /* starter-game */;
			targetProxy = 8979CDB02B7F0055005A7E30 /* PBXContainerItemProxy */;
		};
		8979CDBB2B7F0055005A7E30 /* PBXTargetDependency */ = {
			isa = PBXTargetDependency;
			target = 8979CD992B7F0050005A7E30 /* starter-game */;
			targetProxy = 8979CDBA2B7F0055005A7E30 /* PBXContainerItemProxy */;
		};
/* End PBXTargetDependency section */

/* Begin PBXVariantGroup section */
		8979CDA32B7F0050005A7E30 /* Main.storyboard */ = {
			isa = PBXVariantGroup;
			children = (
				8979CDA42B7F0050005A7E30 /* Base */,
			);
			name = Main.storyboard;
			sourceTree = "<group>";
		};
		8979CDA82B7F0055005A7E30 /* LaunchScreen.storyboard */ = {
			isa = PBXVariantGroup;
			children = (
				8979CDA92B7F0055005A7E30 /* Base */,
			);
			name = LaunchScreen.storyboard;
			sourceTree = "<group>";
		};
/* End PBXVariantGroup section */

/* Begin XCBuildConfiguration section */
		8979CDC12B7F0055005A7E30 /* Debug */ = {
			isa = XCBuildConfiguration;
			buildSettings = {
				ALWAYS_SEARCH_USER_PATHS = NO;
				CLANG_ANALYZER_NONNULL = YES;
				CLANG_ANALYZER_NUMBER_OBJECT_CONVERSION = YES_AGGRESSIVE;
				CLANG_CXX_LANGUAGE_STANDARD = "gnu++20";
				CLANG_ENABLE_MODULES = YES;
				CLANG_ENABLE_OBJC_ARC = YES;
				CLANG_ENABLE_OBJC_WEAK = YES;
				CLANG_WARN_BLOCK_CAPTURE_AUTORELEASING = YES;
				CLANG_WARN_BOOL_CONVERSION = YES;
				CLANG_WARN_COMMA = YES;
				CLANG_WARN_CONSTANT_CONVERSION = YES;
				CLANG_WARN_DEPRECATED_OBJC_IMPLEMENTATIONS = YES;
				CLANG_WARN_DIRECT_OBJC_ISA_USAGE = YES_ERROR;
				CLANG_WARN_DOCUMENTATION_COMMENTS = YES;
				CLANG_WARN_EMPTY_BODY = YES;
				CLANG_WARN_ENUM_CONVERSION = YES;
				CLANG_WARN_INFINITE_RECURSION = YES;
				CLANG_WARN_INT_CONVERSION = YES;
				CLANG_WARN_NON_LITERAL_NULL_CONVERSION = YES;
				CLANG_WARN_OBJC_IMPLICIT_RETAIN_SELF = YES;
				CLANG_WARN_OBJC_LITERAL_CONVERSION = YES;
				CLANG_WARN_OBJC_ROOT_CLASS = YES_ERROR;
				CLANG_WARN_QUOTED_INCLUDE_IN_FRAMEWORK_HEADER = YES;
				CLANG_WARN_RANGE_LOOP_ANALYSIS = YES;
				CLANG_WARN_STRICT_PROTOTYPES = YES;
				CLANG_WARN_SUSPICIOUS_MOVE = YES;
				CLANG_WARN_UNGUARDED_AVAILABILITY = YES_AGGRESSIVE;
				CLANG_WARN_UNREACHABLE_CODE = YES;
				CLANG_WARN__DUPLICATE_METHOD_MATCH = YES;
				COPY_PHASE_STRIP = NO;
				DEBUG_INFORMATION_FORMAT = dwarf;
				ENABLE_STRICT_OBJC_MSGSEND = YES;
				ENABLE_TESTABILITY = YES;
				GCC_C_LANGUAGE_STANDARD = gnu11;
				GCC_DYNAMIC_NO_PIC = NO;
				GCC_NO_COMMON_BLOCKS = YES;
				GCC_OPTIMIZATION_LEVEL = 0;
				GCC_PREPROCESSOR_DEFINITIONS = (
					"DEBUG=1",
					"$(inherited)",
				);
				GCC_WARN_64_TO_32_BIT_CONVERSION = YES;
				GCC_WARN_ABOUT_RETURN_TYPE = YES_ERROR;
				GCC_WARN_UNDECLARED_SELECTOR = YES;
				GCC_WARN_UNINITIALIZED_AUTOS = YES_AGGRESSIVE;
				GCC_WARN_UNUSED_FUNCTION = YES;
				GCC_WARN_UNUSED_VARIABLE = YES;
				IPHONEOS_DEPLOYMENT_TARGET = 16.2;
				MTL_ENABLE_DEBUG_INFO = INCLUDE_SOURCE;
				MTL_FAST_MATH = YES;
				ONLY_ACTIVE_ARCH = YES;
				SDKROOT = iphoneos;
				SWIFT_ACTIVE_COMPILATION_CONDITIONS = DEBUG;
				SWIFT_OPTIMIZATION_LEVEL = "-Onone";
			};
			name = Debug;
		};
		8979CDC22B7F0055005A7E30 /* Release */ = {
			isa = XCBuildConfiguration;
			buildSettings = {
				ALWAYS_SEARCH_USER_PATHS = NO;
				CLANG_ANALYZER_NONNULL = YES;
				CLANG_ANALYZER_NUMBER_OBJECT_CONVERSION = YES_AGGRESSIVE;
				CLANG_CXX_LANGUAGE_STANDARD = "gnu++20";
				CLANG_ENABLE_MODULES = YES;
				CLANG_ENABLE_OBJC_ARC = YES;
				CLANG_ENABLE_OBJC_WEAK = YES;
				CLANG_WARN_BLOCK_CAPTURE_AUTORELEASING = YES;
				CLANG_WARN_BOOL_CONVERSION = YES;
				CLANG_WARN_COMMA = YES;
				CLANG_WARN_CONSTANT_CONVERSION = YES;
				CLANG_WARN_DEPRECATED_OBJC_IMPLEMENTATIONS = YES;
				CLANG_WARN_DIRECT_OBJC_ISA_USAGE = YES_ERROR;
				CLANG_WARN_DOCUMENTATION_COMMENTS = YES;
				CLANG_WARN_EMPTY_BODY = YES;
				CLANG_WARN_ENUM_CONVERSION = YES;
				CLANG_WARN_INFINITE_RECURSION = YES;
				CLANG_WARN_INT_CONVERSION = YES;
				CLANG_WARN_NON_LITERAL_NULL_CONVERSION = YES;
				CLANG_WARN_OBJC_IMPLICIT_RETAIN_SELF = YES;
				CLANG_WARN_OBJC_LITERAL_CONVERSION = YES;
				CLANG_WARN_OBJC_ROOT_CLASS = YES_ERROR;
				CLANG_WARN_QUOTED_INCLUDE_IN_FRAMEWORK_HEADER = YES;
				CLANG_WARN_RANGE_LOOP_ANALYSIS = YES;
				CLANG_WARN_STRICT_PROTOTYPES = YES;
				CLANG_WARN_SUSPICIOUS_MOVE = YES;
				CLANG_WARN_UNGUARDED_AVAILABILITY = YES_AGGRESSIVE;
				CLANG_WARN_UNREACHABLE_CODE = YES;
				CLANG_WARN__DUPLICATE_METHOD_MATCH = YES;
				COPY_PHASE_STRIP = NO;
				DEBUG_INFORMATION_FORMAT = "dwarf-with-dsym";
				ENABLE_NS_ASSERTIONS = NO;
				ENABLE_STRICT_OBJC_MSGSEND = YES;
				GCC_C_LANGUAGE_STANDARD = gnu11;
				GCC_NO_COMMON_BLOCKS = YES;
				GCC_WARN_64_TO_32_BIT_CONVERSION = YES;
				GCC_WARN_ABOUT_RETURN_TYPE = YES_ERROR;
				GCC_WARN_UNDECLARED_SELECTOR = YES;
				GCC_WARN_UNINITIALIZED_AUTOS = YES_AGGRESSIVE;
				GCC_WARN_UNUSED_FUNCTION = YES;
				GCC_WARN_UNUSED_VARIABLE = YES;
				IPHONEOS_DEPLOYMENT_TARGET = 16.2;
				MTL_ENABLE_DEBUG_INFO = NO;
				MTL_FAST_MATH = YES;
				SDKROOT = iphoneos;
				SWIFT_COMPILATION_MODE = wholemodule;
				SWIFT_OPTIMIZATION_LEVEL = "-O";
				VALIDATE_PRODUCT = YES;
			};
			name = Release;
		};
		8979CDC42B7F0055005A7E30 /* Debug */ = {
			isa = XCBuildConfiguration;
			buildSettings = {
				ASSETCATALOG_COMPILER_APPICON_NAME = AppIcon;
				ASSETCATALOG_COMPILER_GLOBAL_ACCENT_COLOR_NAME = AccentColor;
				CODE_SIGN_STYLE = Automatic;
				CURRENT_PROJECT_VERSION = 1;
				GENERATE_INFOPLIST_FILE = YES;
				INFOPLIST_KEY_UIApplicationSupportsIndirectInputEvents = YES;
				INFOPLIST_KEY_UILaunchStoryboardName = LaunchScreen;
				INFOPLIST_KEY_UIMainStoryboardFile = Main;
				INFOPLIST_KEY_UIStatusBarHidden = YES;
				INFOPLIST_KEY_UISupportedInterfaceOrientations_iPad = "UIInterfaceOrientationPortrait UIInterfaceOrientationPortraitUpsideDown UIInterfaceOrientationLandscapeLeft UIInterfaceOrientationLandscapeRight";
				INFOPLIST_KEY_UISupportedInterfaceOrientations_iPhone = "UIInterfaceOrientationPortrait UIInterfaceOrientationLandscapeLeft UIInterfaceOrientationLandscapeRight";
				LD_RUNPATH_SEARCH_PATHS = (
					"$(inherited)",
					"@executable_path/Frameworks",
				);
				MARKETING_VERSION = 1.0;
				PRODUCT_BUNDLE_IDENTIFIER = "game-arch.starter-game";
				PRODUCT_NAME = "$(TARGET_NAME)";
				SWIFT_EMIT_LOC_STRINGS = YES;
				SWIFT_VERSION = 5.0;
				TARGETED_DEVICE_FAMILY = "1,2";
			};
			name = Debug;
		};
		8979CDC52B7F0055005A7E30 /* Release */ = {
			isa = XCBuildConfiguration;
			buildSettings = {
				ASSETCATALOG_COMPILER_APPICON_NAME = AppIcon;
				ASSETCATALOG_COMPILER_GLOBAL_ACCENT_COLOR_NAME = AccentColor;
				CODE_SIGN_STYLE = Automatic;
				CURRENT_PROJECT_VERSION = 1;
				GENERATE_INFOPLIST_FILE = YES;
				INFOPLIST_KEY_UIApplicationSupportsIndirectInputEvents = YES;
				INFOPLIST_KEY_UILaunchStoryboardName = LaunchScreen;
				INFOPLIST_KEY_UIMainStoryboardFile = Main;
				INFOPLIST_KEY_UIStatusBarHidden = YES;
				INFOPLIST_KEY_UISupportedInterfaceOrientations_iPad = "UIInterfaceOrientationPortrait UIInterfaceOrientationPortraitUpsideDown UIInterfaceOrientationLandscapeLeft UIInterfaceOrientationLandscapeRight";
				INFOPLIST_KEY_UISupportedInterfaceOrientations_iPhone = "UIInterfaceOrientationPortrait UIInterfaceOrientationLandscapeLeft UIInterfaceOrientationLandscapeRight";
				LD_RUNPATH_SEARCH_PATHS = (
					"$(inherited)",
					"@executable_path/Frameworks",
				);
				MARKETING_VERSION = 1.0;
				PRODUCT_BUNDLE_IDENTIFIER = "game-arch.starter-game";
				PRODUCT_NAME = "$(TARGET_NAME)";
				SWIFT_EMIT_LOC_STRINGS = YES;
				SWIFT_VERSION = 5.0;
				TARGETED_DEVICE_FAMILY = "1,2";
			};
			name = Release;
		};
		8979CDC72B7F0055005A7E30 /* Debug */ = {
			isa = XCBuildConfiguration;
			buildSettings = {
				ALWAYS_EMBED_SWIFT_STANDARD_LIBRARIES = YES;
				BUNDLE_LOADER = "$(TEST_HOST)";
				CODE_SIGN_STYLE = Automatic;
				CURRENT_PROJECT_VERSION = 1;
				GENERATE_INFOPLIST_FILE = YES;
				IPHONEOS_DEPLOYMENT_TARGET = 16.2;
				MARKETING_VERSION = 1.0;
				PRODUCT_BUNDLE_IDENTIFIER = "game-arch.starter-gameTests";
				PRODUCT_NAME = "$(TARGET_NAME)";
				SWIFT_EMIT_LOC_STRINGS = NO;
				SWIFT_VERSION = 5.0;
				TARGETED_DEVICE_FAMILY = "1,2";
				TEST_HOST = "$(BUILT_PRODUCTS_DIR)/starter-game.app/$(BUNDLE_EXECUTABLE_FOLDER_PATH)/starter-game";
			};
			name = Debug;
		};
		8979CDC82B7F0055005A7E30 /* Release */ = {
			isa = XCBuildConfiguration;
			buildSettings = {
				ALWAYS_EMBED_SWIFT_STANDARD_LIBRARIES = YES;
				BUNDLE_LOADER = "$(TEST_HOST)";
				CODE_SIGN_STYLE = Automatic;
				CURRENT_PROJECT_VERSION = 1;
				GENERATE_INFOPLIST_FILE = YES;
				IPHONEOS_DEPLOYMENT_TARGET = 16.2;
				MARKETING_VERSION = 1.0;
				PRODUCT_BUNDLE_IDENTIFIER = "game-arch.starter-gameTests";
				PRODUCT_NAME = "$(TARGET_NAME)";
				SWIFT_EMIT_LOC_STRINGS = NO;
				SWIFT_VERSION = 5.0;
				TARGETED_DEVICE_FAMILY = "1,2";
				TEST_HOST = "$(BUILT_PRODUCTS_DIR)/starter-game.app/$(BUNDLE_EXECUTABLE_FOLDER_PATH)/starter-game";
			};
			name = Release;
		};
		8979CDCA2B7F0055005A7E30 /* Debug */ = {
			isa = XCBuildConfiguration;
			buildSettings = {
				ALWAYS_EMBED_SWIFT_STANDARD_LIBRARIES = YES;
				CODE_SIGN_STYLE = Automatic;
				CURRENT_PROJECT_VERSION = 1;
				GENERATE_INFOPLIST_FILE = YES;
				MARKETING_VERSION = 1.0;
				PRODUCT_BUNDLE_IDENTIFIER = "game-arch.starter-gameUITests";
				PRODUCT_NAME = "$(TARGET_NAME)";
				SWIFT_EMIT_LOC_STRINGS = NO;
				SWIFT_VERSION = 5.0;
				TARGETED_DEVICE_FAMILY = "1,2";
				TEST_TARGET_NAME = "starter-game";
			};
			name = Debug;
		};
		8979CDCB2B7F0055005A7E30 /* Release */ = {
			isa = XCBuildConfiguration;
			buildSettings = {
				ALWAYS_EMBED_SWIFT_STANDARD_LIBRARIES = YES;
				CODE_SIGN_STYLE = Automatic;
				CURRENT_PROJECT_VERSION = 1;
				GENERATE_INFOPLIST_FILE = YES;
				MARKETING_VERSION = 1.0;
				PRODUCT_BUNDLE_IDENTIFIER = "game-arch.starter-gameUITests";
				PRODUCT_NAME = "$(TARGET_NAME)";
				SWIFT_EMIT_LOC_STRINGS = NO;
				SWIFT_VERSION = 5.0;
				TARGETED_DEVICE_FAMILY = "1,2";
				TEST_TARGET_NAME = "starter-game";
			};
			name = Release;
		};
/* End XCBuildConfiguration section */

/* Begin XCConfigurationList section */
		8979CD952B7F0050005A7E30 /* Build configuration list for PBXProject "starter-game" */ = {
			isa = XCConfigurationList;
			buildConfigurations = (
				8979CDC12B7F0055005A7E30 /* Debug */,
				8979CDC22B7F0055005A7E30 /* Release */,
			);
			defaultConfigurationIsVisible = 0;
			defaultConfigurationName = Release;
		};
		8979CDC32B7F0055005A7E30 /* Build configuration list for PBXNativeTarget "starter-game" */ = {
			isa = XCConfigurationList;
			buildConfigurations = (
				8979CDC42B7F0055005A7E30 /* Debug */,
				8979CDC52B7F0055005A7E30 /* Release */,
			);
			defaultConfigurationIsVisible = 0;
			defaultConfigurationName = Release;
		};
		8979CDC62B7F0055005A7E30 /* Build configuration list for PBXNativeTarget "starter-gameTests" */ = {
			isa = XCConfigurationList;
			buildConfigurations = (
				8979CDC72B7F0055005A7E30 /* Debug */,
				8979CDC82B7F0055005A7E30 /* Release */,
			);
			defaultConfigurationIsVisible = 0;
			defaultConfigurationName = Release;
		};
		8979CDC92B7F0055005A7E30 /* Build configuration list for PBXNativeTarget "starter-gameUITests" */ = {
			isa = XCConfigurationList;
			buildConfigurations = (
				8979CDCA2B7F0055005A7E30 /* Debug */,
				8979CDCB2B7F0055005A7E30 /* Release */,
			);
			defaultConfigurationIsVisible = 0;
			defaultConfigurationName = Release;
		};
/* End XCConfigurationList section */
	};
	rootObject = 8979CD922B7F0050005A7E30 /* Project object */;
}
